Microsoft Visual Studio Solution File, Format Version 12.00
# Visual Studio Version 17
VisualStudioVersion = 17.5.2.0
MinimumVisualStudioVersion = 10.0.40219.1
Project("{FAE04EC0-301F-11D3-BF4B-00C04F79EFBC}") = "Moodie", "Moodie.csproj", "{EF077E20-6212-A6EE-1972-C08346F713E0}"
EndProject
Global
	GlobalSection(SolutionConfigurationPlatforms) = preSolution
		Debug|Any CPU = Debug|Any CPU
		Release|Any CPU = Release|Any CPU
	EndGlobalSection
	GlobalSection(ProjectConfigurationPlatforms) = postSolution
		{EF077E20-6212-A6EE-1972-C08346F713E0}.Debug|Any CPU.ActiveCfg = Debug|Any CPU
		{EF077E20-6212-A6EE-1972-C08346F713E0}.Debug|Any CPU.Build.0 = Debug|Any CPU
		{EF077E20-6212-A6EE-1972-C08346F713E0}.Release|Any CPU.ActiveCfg = Release|Any CPU
		{EF077E20-6212-A6EE-1972-C08346F713E0}.Release|Any CPU.Build.0 = Release|Any CPU
	EndGlobalSection
	GlobalSection(SolutionProperties) = preSolution
		HideSolutionNode = FALSE
	EndGlobalSection
	GlobalSection(ExtensibilityGlobals) = postSolution
		SolutionGuid = {15865B9B-FABD-4BE6-9FDF-B5485A9A2D6A}
	EndGlobalSection
EndGlobal
